
Microsoft Visual Studio Solution File, Format Version 12.00
# Visual Studio 2015
Project("{FAE04EC0-301F-11D3-BF4B-00C04F79EFBC}") = "Smoking_Map_App", "Smoking_Map_App.csproj", "{8EC35814-BBD4-C0B8-B1D2-0D895A072AEE}"
EndProject
Global
	GlobalSection(SolutionConfigurationPlatforms) = preSolution
		Debug|Any CPU = Debug|Any CPU
		Release|Any CPU = Release|Any CPU
	EndGlobalSection
	GlobalSection(ProjectConfigurationPlatforms) = postSolution
		{8EC35814-BBD4-C0B8-B1D2-0D895A072AEE}.Debug|Any CPU.ActiveCfg = Debug|Any CPU
		{8EC35814-BBD4-C0B8-B1D2-0D895A072AEE}.Debug|Any CPU.Build.0 = Debug|Any CPU
		{8EC35814-BBD4-C0B8-B1D2-0D895A072AEE}.Release|Any CPU.ActiveCfg = Release|Any CPU
		{8EC35814-BBD4-C0B8-B1D2-0D895A072AEE}.Release|Any CPU.Build.0 = Release|Any CPU
	EndGlobalSection
	GlobalSection(SolutionProperties) = preSolution
		HideSolutionNode = FALSE
	EndGlobalSection
EndGlobal
